
Microsoft Visual Studio Solution File, Format Version 12.00
# Visual Studio Version 18
VisualStudioVersion = 18.2.11430.68 d18.0
MinimumVisualStudioVersion = 10.0.40219.1
Project("{FAE04EC0-301F-11D3-BF4B-00C04F79EFBC}") = "AdventureWorks.Web", "AdventureWorks.Web\AdventureWorks.Web.csproj", "{9FBA7730-4707-2E9D-EEBB-2D16F44F8404}"
EndProject
Project("{FAE04EC0-301F-11D3-BF4B-00C04F79EFBC}") = "AdventureWorks.Model", "AdventureWorks.Model\AdventureWorks.Model.csproj", "{F285FE8F-651D-B5F2-EB3B-6198A030E9A5}"
EndProject
Project("{FAE04EC0-301F-11D3-BF4B-00C04F79EFBC}") = "AdventureWorks.Context", "AdventureWorks.Context\AdventureWorks.Context.csproj", "{9AB820B6-E79B-627C-2428-ABB37D06CCC7}"
EndProject
Global
	GlobalSection(SolutionConfigurationPlatforms) = preSolution
		Debug|Any CPU = Debug|Any CPU
		Release|Any CPU = Release|Any CPU
	EndGlobalSection
	GlobalSection(ProjectConfigurationPlatforms) = postSolution
		{9FBA7730-4707-2E9D-EEBB-2D16F44F8404}.Debug|Any CPU.ActiveCfg = Debug|Any CPU
		{9FBA7730-4707-2E9D-EEBB-2D16F44F8404}.Debug|Any CPU.Build.0 = Debug|Any CPU
		{9FBA7730-4707-2E9D-EEBB-2D16F44F8404}.Release|Any CPU.ActiveCfg = Release|Any CPU
		{9FBA7730-4707-2E9D-EEBB-2D16F44F8404}.Release|Any CPU.Build.0 = Release|Any CPU
		{F285FE8F-651D-B5F2-EB3B-6198A030E9A5}.Debug|Any CPU.ActiveCfg = Debug|Any CPU
		{F285FE8F-651D-B5F2-EB3B-6198A030E9A5}.Debug|Any CPU.Build.0 = Debug|Any CPU
		{F285FE8F-651D-B5F2-EB3B-6198A030E9A5}.Release|Any CPU.ActiveCfg = Release|Any CPU
		{F285FE8F-651D-B5F2-EB3B-6198A030E9A5}.Release|Any CPU.Build.0 = Release|Any CPU
		{9AB820B6-E79B-627C-2428-ABB37D06CCC7}.Debug|Any CPU.ActiveCfg = Debug|Any CPU
		{9AB820B6-E79B-627C-2428-ABB37D06CCC7}.Debug|Any CPU.Build.0 = Debug|Any CPU
		{9AB820B6-E79B-627C-2428-ABB37D06CCC7}.Release|Any CPU.ActiveCfg = Release|Any CPU
		{9AB820B6-E79B-627C-2428-ABB37D06CCC7}.Release|Any CPU.Build.0 = Release|Any CPU
	EndGlobalSection
	GlobalSection(SolutionProperties) = preSolution
		HideSolutionNode = FALSE
	EndGlobalSection
	GlobalSection(ExtensibilityGlobals) = postSolution
		SolutionGuid = {088087A7-9754-49E2-9696-A5C44E5DC89A}
	EndGlobalSection
EndGlobal
